
Microsoft Visual Studio Solution File, Format Version 12.00
# Visual Studio Version 16
VisualStudioVersion = 16.0.29209.62
MinimumVisualStudioVersion = 10.0.40219.1
Project("{FAE04EC0-301F-11D3-BF4B-00C04F79EFBC}") = "CyclistTourOfFrance", "CyclistTourOfFrance\CyclistTourOfFrance.csproj", "{B9A9C38A-9E44-4B09-AC89-D927D18B2D87}"
EndProject
Global
	GlobalSection(SolutionConfigurationPlatforms) = preSolution
		Debug|Any CPU = Debug|Any CPU
		Release|Any CPU = Release|Any CPU
	EndGlobalSection
	GlobalSection(ProjectConfigurationPlatforms) = postSolution
		{B9A9C38A-9E44-4B09-AC89-D927D18B2D87}.Debug|Any CPU.ActiveCfg = Debug|Any CPU
		{B9A9C38A-9E44-4B09-AC89-D927D18B2D87}.Debug|Any CPU.Build.0 = Debug|Any CPU
		{B9A9C38A-9E44-4B09-AC89-D927D18B2D87}.Release|Any CPU.ActiveCfg = Release|Any CPU
		{B9A9C38A-9E44-4B09-AC89-D927D18B2D87}.Release|Any CPU.Build.0 = Release|Any CPU
	EndGlobalSection
	GlobalSection(SolutionProperties) = preSolution
		HideSolutionNode = FALSE
	EndGlobalSection
	GlobalSection(ExtensibilityGlobals) = postSolution
		SolutionGuid = {EE86FD9B-8B12-48C5-8DE1-F1BA1CF0D591}
	EndGlobalSection
EndGlobal
