
Microsoft Visual Studio Solution File, Format Version 12.00
# Visual Studio Version 16
VisualStudioVersion = 16.0.29209.62
MinimumVisualStudioVersion = 10.0.40219.1
Project("{FAE04EC0-301F-11D3-BF4B-00C04F79EFBC}") = "HTML trial", "HTML trial\HTML trial.csproj", "{CE1187C2-D864-43A9-AE07-3E720A05609E}"
EndProject
Global
	GlobalSection(SolutionConfigurationPlatforms) = preSolution
		Debug|Any CPU = Debug|Any CPU
		Release|Any CPU = Release|Any CPU
	EndGlobalSection
	GlobalSection(ProjectConfigurationPlatforms) = postSolution
		{CE1187C2-D864-43A9-AE07-3E720A05609E}.Debug|Any CPU.ActiveCfg = Debug|Any CPU
		{CE1187C2-D864-43A9-AE07-3E720A05609E}.Debug|Any CPU.Build.0 = Debug|Any CPU
		{CE1187C2-D864-43A9-AE07-3E720A05609E}.Release|Any CPU.ActiveCfg = Release|Any CPU
		{CE1187C2-D864-43A9-AE07-3E720A05609E}.Release|Any CPU.Build.0 = Release|Any CPU
	EndGlobalSection
	GlobalSection(SolutionProperties) = preSolution
		HideSolutionNode = FALSE
	EndGlobalSection
	GlobalSection(ExtensibilityGlobals) = postSolution
		SolutionGuid = {A3EC59CA-E9A1-427B-928D-AD4F2ED57D23}
	EndGlobalSection
EndGlobal
