
Microsoft Visual Studio Solution File, Format Version 12.00
# Visual Studio Version 16
VisualStudioVersion = 16.0.29519.181
MinimumVisualStudioVersion = 10.0.40219.1
Project("{FAE04EC0-301F-11D3-BF4B-00C04F79EFBC}") = "claimy appt", "claimy appt\claimy appt.csproj", "{C2C6D5F1-3424-4C28-BC02-167170A1885C}"
EndProject
Global
	GlobalSection(SolutionConfigurationPlatforms) = preSolution
		Debug|Any CPU = Debug|Any CPU
		Release|Any CPU = Release|Any CPU
	EndGlobalSection
	GlobalSection(ProjectConfigurationPlatforms) = postSolution
		{C2C6D5F1-3424-4C28-BC02-167170A1885C}.Debug|Any CPU.ActiveCfg = Debug|Any CPU
		{C2C6D5F1-3424-4C28-BC02-167170A1885C}.Debug|Any CPU.Build.0 = Debug|Any CPU
		{C2C6D5F1-3424-4C28-BC02-167170A1885C}.Release|Any CPU.ActiveCfg = Release|Any CPU
		{C2C6D5F1-3424-4C28-BC02-167170A1885C}.Release|Any CPU.Build.0 = Release|Any CPU
	EndGlobalSection
	GlobalSection(SolutionProperties) = preSolution
		HideSolutionNode = FALSE
	EndGlobalSection
	GlobalSection(ExtensibilityGlobals) = postSolution
		SolutionGuid = {0F8A13C4-74C5-4792-BE7E-AFF7E3571D69}
	EndGlobalSection
EndGlobal
