
Microsoft Visual Studio Solution File, Format Version 12.00
# Visual Studio Version 16
VisualStudioVersion = 16.0.29209.62
MinimumVisualStudioVersion = 10.0.40219.1
Project("{FAE04EC0-301F-11D3-BF4B-00C04F79EFBC}") = "GumballSystem", "GumballSystem\GumballSystem.csproj", "{6E5A021F-4080-4CDA-913C-1BB0CBB2D024}"
EndProject
Global
	GlobalSection(SolutionConfigurationPlatforms) = preSolution
		Debug|Any CPU = Debug|Any CPU
		Release|Any CPU = Release|Any CPU
	EndGlobalSection
	GlobalSection(ProjectConfigurationPlatforms) = postSolution
		{6E5A021F-4080-4CDA-913C-1BB0CBB2D024}.Debug|Any CPU.ActiveCfg = Debug|Any CPU
		{6E5A021F-4080-4CDA-913C-1BB0CBB2D024}.Debug|Any CPU.Build.0 = Debug|Any CPU
		{6E5A021F-4080-4CDA-913C-1BB0CBB2D024}.Release|Any CPU.ActiveCfg = Release|Any CPU
		{6E5A021F-4080-4CDA-913C-1BB0CBB2D024}.Release|Any CPU.Build.0 = Release|Any CPU
	EndGlobalSection
	GlobalSection(SolutionProperties) = preSolution
		HideSolutionNode = FALSE
	EndGlobalSection
	GlobalSection(ExtensibilityGlobals) = postSolution
		SolutionGuid = {8A4D08B5-91C7-4091-A0EF-64754E75D4BB}
	EndGlobalSection
EndGlobal
