
Microsoft Visual Studio Solution File, Format Version 12.00
# Visual Studio Version 16
VisualStudioVersion = 16.0.29209.62
MinimumVisualStudioVersion = 10.0.40219.1
Project("{FAE04EC0-301F-11D3-BF4B-00C04F79EFBC}") = "movingPolygons", "movingPolygons\movingPolygons.csproj", "{5DFD3409-360F-4643-8A31-F7DA72FE68A0}"
EndProject
Global
	GlobalSection(SolutionConfigurationPlatforms) = preSolution
		Debug|Any CPU = Debug|Any CPU
		Release|Any CPU = Release|Any CPU
	EndGlobalSection
	GlobalSection(ProjectConfigurationPlatforms) = postSolution
		{5DFD3409-360F-4643-8A31-F7DA72FE68A0}.Debug|Any CPU.ActiveCfg = Debug|Any CPU
		{5DFD3409-360F-4643-8A31-F7DA72FE68A0}.Debug|Any CPU.Build.0 = Debug|Any CPU
		{5DFD3409-360F-4643-8A31-F7DA72FE68A0}.Release|Any CPU.ActiveCfg = Release|Any CPU
		{5DFD3409-360F-4643-8A31-F7DA72FE68A0}.Release|Any CPU.Build.0 = Release|Any CPU
	EndGlobalSection
	GlobalSection(SolutionProperties) = preSolution
		HideSolutionNode = FALSE
	EndGlobalSection
	GlobalSection(ExtensibilityGlobals) = postSolution
		SolutionGuid = {C5C76975-6688-46EC-95E6-686AD9F3691E}
	EndGlobalSection
EndGlobal
